
Microsoft Visual Studio Solution File, Format Version 12.00
# Visual Studio 15
Project("{FAE04EC0-301F-11D3-BF4B-00C04F79EFBC}") = "Assembly-CSharp", "Assembly-CSharp.csproj", "{602CD866-9B2F-DD03-E0E6-9CC3B06B43E9}"
EndProject
Project("{FAE04EC0-301F-11D3-BF4B-00C04F79EFBC}") = "Assembly-CSharp-Editor", "Assembly-CSharp-Editor.csproj", "{11B6311B-8C26-5BEB-75F1-83B7AB26972B}"
EndProject
Global
	GlobalSection(SolutionConfigurationPlatforms) = preSolution
		Debug|Any CPU = Debug|Any CPU
		Release|Any CPU = Release|Any CPU
	EndGlobalSection
	GlobalSection(ProjectConfigurationPlatforms) = postSolution
		{602CD866-9B2F-DD03-E0E6-9CC3B06B43E9}.Debug|Any CPU.ActiveCfg = Debug|Any CPU
		{602CD866-9B2F-DD03-E0E6-9CC3B06B43E9}.Debug|Any CPU.Build.0 = Debug|Any CPU
		{602CD866-9B2F-DD03-E0E6-9CC3B06B43E9}.Release|Any CPU.ActiveCfg = Release|Any CPU
		{602CD866-9B2F-DD03-E0E6-9CC3B06B43E9}.Release|Any CPU.Build.0 = Release|Any CPU
		{11B6311B-8C26-5BEB-75F1-83B7AB26972B}.Debug|Any CPU.ActiveCfg = Debug|Any CPU
		{11B6311B-8C26-5BEB-75F1-83B7AB26972B}.Debug|Any CPU.Build.0 = Debug|Any CPU
		{11B6311B-8C26-5BEB-75F1-83B7AB26972B}.Release|Any CPU.ActiveCfg = Release|Any CPU
		{11B6311B-8C26-5BEB-75F1-83B7AB26972B}.Release|Any CPU.Build.0 = Release|Any CPU
	EndGlobalSection
	GlobalSection(SolutionProperties) = preSolution
		HideSolutionNode = FALSE
	EndGlobalSection
EndGlobal
